
Microsoft Visual Studio Solution File, Format Version 12.00
# Visual Studio Version 17
VisualStudioVersion = 17.8.34525.116
MinimumVisualStudioVersion = 10.0.40219.1
Project("{FAE04EC0-301F-11D3-BF4B-00C04F79EFBC}") = "PalindromCheck", "PalindromCheck\PalindromCheck.csproj", "{108F6156-2F92-4415-8364-C73460593960}"
EndProject
Project("{FAE04EC0-301F-11D3-BF4B-00C04F79EFBC}") = "StackSkobi", "StackSkobi\StackSkobi.csproj", "{4DFAE34F-6345-46B1-9B47-6931417EBE74}"
EndProject
Project("{FAE04EC0-301F-11D3-BF4B-00C04F79EFBC}") = "Izrechenie", "Izrechenie\Izrechenie.csproj", "{966A8109-A731-4AA4-94CC-A00CC24A6F7C}"
EndProject
Global
	GlobalSection(SolutionConfigurationPlatforms) = preSolution
		Debug|Any CPU = Debug|Any CPU
		Release|Any CPU = Release|Any CPU
	EndGlobalSection
	GlobalSection(ProjectConfigurationPlatforms) = postSolution
		{108F6156-2F92-4415-8364-C73460593960}.Debug|Any CPU.ActiveCfg = Debug|Any CPU
		{108F6156-2F92-4415-8364-C73460593960}.Debug|Any CPU.Build.0 = Debug|Any CPU
		{108F6156-2F92-4415-8364-C73460593960}.Release|Any CPU.ActiveCfg = Release|Any CPU
		{108F6156-2F92-4415-8364-C73460593960}.Release|Any CPU.Build.0 = Release|Any CPU
		{4DFAE34F-6345-46B1-9B47-6931417EBE74}.Debug|Any CPU.ActiveCfg = Debug|Any CPU
		{4DFAE34F-6345-46B1-9B47-6931417EBE74}.Debug|Any CPU.Build.0 = Debug|Any CPU
		{4DFAE34F-6345-46B1-9B47-6931417EBE74}.Release|Any CPU.ActiveCfg = Release|Any CPU
		{4DFAE34F-6345-46B1-9B47-6931417EBE74}.Release|Any CPU.Build.0 = Release|Any CPU
		{966A8109-A731-4AA4-94CC-A00CC24A6F7C}.Debug|Any CPU.ActiveCfg = Debug|Any CPU
		{966A8109-A731-4AA4-94CC-A00CC24A6F7C}.Debug|Any CPU.Build.0 = Debug|Any CPU
		{966A8109-A731-4AA4-94CC-A00CC24A6F7C}.Release|Any CPU.ActiveCfg = Release|Any CPU
		{966A8109-A731-4AA4-94CC-A00CC24A6F7C}.Release|Any CPU.Build.0 = Release|Any CPU
	EndGlobalSection
	GlobalSection(SolutionProperties) = preSolution
		HideSolutionNode = FALSE
	EndGlobalSection
	GlobalSection(ExtensibilityGlobals) = postSolution
		SolutionGuid = {363E528D-B494-46DB-B49F-AFBE390E692F}
	EndGlobalSection
EndGlobal
